// !$*UTF8*$!
{
	archiveVersion = 1;
	classes = {
	};
	objectVersion = 56;
	objects = {

/* Begin PBXBuildFile section */
		628D2BBEA3469E11891DC80F /* Pods_Metamorphosis.framework in Frameworks */ = {isa = PBXBuildFile; fileRef = C49CC55B2BA54592AD6F51C4 /* Pods_Metamorphosis.framework */; };
		A1353C0B29DCE72900A56D55 /* View+NavigationBarColor.swift in Sources */ = {isa = PBXBuildFile; fileRef = A1353C0A29DCE72900A56D55 /* View+NavigationBarColor.swift */; };
		A1451B1B29DC1A4A0076DBCC /* Unit.swift in Sources */ = {isa = PBXBuildFile; fileRef = A1451B1A29DC1A4A0076DBCC /* Unit.swift */; };
		A171262629DA1AB000620487 /* RootView.swift in Sources */ = {isa = PBXBuildFile; fileRef = A171262429DA1AB000620487 /* RootView.swift */; };
		A171262729DA1AB000620487 /* RootViewModel.swift in Sources */ = {isa = PBXBuildFile; fileRef = A171262529DA1AB000620487 /* RootViewModel.swift */; };
		A1AAE48E29D77E9500ED9E80 /* MetamorphosisApp.swift in Sources */ = {isa = PBXBuildFile; fileRef = A1AAE48D29D77E9500ED9E80 /* MetamorphosisApp.swift */; };
		A1AAE49229D77E9700ED9E80 /* Assets.xcassets in Resources */ = {isa = PBXBuildFile; fileRef = A1AAE49129D77E9700ED9E80 /* Assets.xcassets */; };
		A1AAE49529D77E9700ED9E80 /* Preview Assets.xcassets in Resources */ = {isa = PBXBuildFile; fileRef = A1AAE49429D77E9700ED9E80 /* Preview Assets.xcassets */; };
		A1B4469229D8A63A000D7E26 /* run-swiftgen.sh in Resources */ = {isa = PBXBuildFile; fileRef = A1B4469029D8A63A000D7E26 /* run-swiftgen.sh */; };
		A1B4469329D8A63A000D7E26 /* run-swiftlint.sh in Resources */ = {isa = PBXBuildFile; fileRef = A1B4469129D8A63A000D7E26 /* run-swiftlint.sh */; };
		A1B4469D29D8A6C6000D7E26 /* Localizable.strings in Resources */ = {isa = PBXBuildFile; fileRef = A1B4469F29D8A6C6000D7E26 /* Localizable.strings */; };
		A1B446A129D8A6DA000D7E26 /* Colors.xcassets in Resources */ = {isa = PBXBuildFile; fileRef = A1B446A029D8A6DA000D7E26 /* Colors.xcassets */; };
		A1B446A429D8A730000D7E26 /* xcassets-swiftui.stencil in Resources */ = {isa = PBXBuildFile; fileRef = A1B446A329D8A730000D7E26 /* xcassets-swiftui.stencil */; };
		A1B446A929D8A8B8000D7E26 /* Assets.swift in Sources */ = {isa = PBXBuildFile; fileRef = A1B446A729D8A8B8000D7E26 /* Assets.swift */; };
		A1B446AA29D8A8B8000D7E26 /* Strings.swift in Sources */ = {isa = PBXBuildFile; fileRef = A1B446A829D8A8B8000D7E26 /* Strings.swift */; };
		A1C29E7629DB4BC900D0069B /* NavigationType.swift in Sources */ = {isa = PBXBuildFile; fileRef = A1C29E7529DB4BC900D0069B /* NavigationType.swift */; };
		A1C7200B29DB50B9003BDBA2 /* AppState.swift in Sources */ = {isa = PBXBuildFile; fileRef = A1C29E7229DB49CC00D0069B /* AppState.swift */; };
/* End PBXBuildFile section */

/* Begin PBXFileReference section */
		12DBB8981BFCC3E5986FB7CE /* Pods-Metamorphosis.release.xcconfig */ = {isa = PBXFileReference; includeInIndex = 1; lastKnownFileType = text.xcconfig; name = "Pods-Metamorphosis.release.xcconfig"; path = "Target Support Files/Pods-Metamorphosis/Pods-Metamorphosis.release.xcconfig"; sourceTree = "<group>"; };
		908A153B79F3EECAB77F2B08 /* Pods-Metamorphosis.debug.xcconfig */ = {isa = PBXFileReference; includeInIndex = 1; lastKnownFileType = text.xcconfig; name = "Pods-Metamorphosis.debug.xcconfig"; path = "Target Support Files/Pods-Metamorphosis/Pods-Metamorphosis.debug.xcconfig"; sourceTree = "<group>"; };
		A1353C0A29DCE72900A56D55 /* View+NavigationBarColor.swift */ = {isa = PBXFileReference; lastKnownFileType = sourcecode.swift; path = "View+NavigationBarColor.swift"; sourceTree = "<group>"; };
		A1451B1A29DC1A4A0076DBCC /* Unit.swift */ = {isa = PBXFileReference; lastKnownFileType = sourcecode.swift; path = Unit.swift; sourceTree = "<group>"; };
		A171262429DA1AB000620487 /* RootView.swift */ = {isa = PBXFileReference; lastKnownFileType = sourcecode.swift; path = RootView.swift; sourceTree = "<group>"; };
		A171262529DA1AB000620487 /* RootViewModel.swift */ = {isa = PBXFileReference; lastKnownFileType = sourcecode.swift; path = RootViewModel.swift; sourceTree = "<group>"; };
		A1AAE48A29D77E9500ED9E80 /* Metamorphosis.app */ = {isa = PBXFileReference; explicitFileType = wrapper.application; includeInIndex = 0; path = Metamorphosis.app; sourceTree = BUILT_PRODUCTS_DIR; };
		A1AAE48D29D77E9500ED9E80 /* MetamorphosisApp.swift */ = {isa = PBXFileReference; lastKnownFileType = sourcecode.swift; path = MetamorphosisApp.swift; sourceTree = "<group>"; };
		A1AAE49129D77E9700ED9E80 /* Assets.xcassets */ = {isa = PBXFileReference; lastKnownFileType = folder.assetcatalog; path = Assets.xcassets; sourceTree = "<group>"; };
		A1AAE49429D77E9700ED9E80 /* Preview Assets.xcassets */ = {isa = PBXFileReference; lastKnownFileType = folder.assetcatalog; path = "Preview Assets.xcassets"; sourceTree = "<group>"; };
		A1B4469029D8A63A000D7E26 /* run-swiftgen.sh */ = {isa = PBXFileReference; fileEncoding = 4; lastKnownFileType = text.script.sh; path = "run-swiftgen.sh"; sourceTree = "<group>"; };
		A1B4469129D8A63A000D7E26 /* run-swiftlint.sh */ = {isa = PBXFileReference; fileEncoding = 4; lastKnownFileType = text.script.sh; path = "run-swiftlint.sh"; sourceTree = "<group>"; };
		A1B4469E29D8A6C6000D7E26 /* en */ = {isa = PBXFileReference; lastKnownFileType = text.plist.strings; name = en; path = en.lproj/Localizable.strings; sourceTree = "<group>"; };
		A1B446A029D8A6DA000D7E26 /* Colors.xcassets */ = {isa = PBXFileReference; lastKnownFileType = folder.assetcatalog; path = Colors.xcassets; sourceTree = "<group>"; };
		A1B446A329D8A730000D7E26 /* xcassets-swiftui.stencil */ = {isa = PBXFileReference; fileEncoding = 4; lastKnownFileType = text; path = "xcassets-swiftui.stencil"; sourceTree = "<group>"; };
		A1B446A529D8A7DB000D7E26 /* Info.plist */ = {isa = PBXFileReference; lastKnownFileType = text.plist.xml; path = Info.plist; sourceTree = "<group>"; };
		A1B446A729D8A8B8000D7E26 /* Assets.swift */ = {isa = PBXFileReference; fileEncoding = 4; lastKnownFileType = sourcecode.swift; path = Assets.swift; sourceTree = "<group>"; };
		A1B446A829D8A8B8000D7E26 /* Strings.swift */ = {isa = PBXFileReference; fileEncoding = 4; lastKnownFileType = sourcecode.swift; path = Strings.swift; sourceTree = "<group>"; };
		A1C29E7229DB49CC00D0069B /* AppState.swift */ = {isa = PBXFileReference; lastKnownFileType = sourcecode.swift; path = AppState.swift; sourceTree = "<group>"; };
		A1C29E7529DB4BC900D0069B /* NavigationType.swift */ = {isa = PBXFileReference; lastKnownFileType = sourcecode.swift; path = NavigationType.swift; sourceTree = "<group>"; };
		C49CC55B2BA54592AD6F51C4 /* Pods_Metamorphosis.framework */ = {isa = PBXFileReference; explicitFileType = wrapper.framework; includeInIndex = 0; path = Pods_Metamorphosis.framework; sourceTree = BUILT_PRODUCTS_DIR; };
/* End PBXFileReference section */

/* Begin PBXFrameworksBuildPhase section */
		A1AAE48729D77E9500ED9E80 /* Frameworks */ = {
			isa = PBXFrameworksBuildPhase;
			buildActionMask = 2147483647;
			files = (
				628D2BBEA3469E11891DC80F /* Pods_Metamorphosis.framework in Frameworks */,
			);
			runOnlyForDeploymentPostprocessing = 0;
		};
/* End PBXFrameworksBuildPhase section */

/* Begin PBXGroup section */
		6806832743A1F068A7F74155 /* Frameworks */ = {
			isa = PBXGroup;
			children = (
				C49CC55B2BA54592AD6F51C4 /* Pods_Metamorphosis.framework */,
			);
			name = Frameworks;
			sourceTree = "<group>";
		};
		89F2F52A6F744B656515D1D8 /* Pods */ = {
			isa = PBXGroup;
			children = (
				908A153B79F3EECAB77F2B08 /* Pods-Metamorphosis.debug.xcconfig */,
				12DBB8981BFCC3E5986FB7CE /* Pods-Metamorphosis.release.xcconfig */,
			);
			path = Pods;
			sourceTree = "<group>";
		};
		A1353C0929DCE71100A56D55 /* Extensions */ = {
			isa = PBXGroup;
			children = (
				A1353C0A29DCE72900A56D55 /* View+NavigationBarColor.swift */,
			);
			path = Extensions;
			sourceTree = "<group>";
		};
		A171262329DA1A9B00620487 /* RootView */ = {
			isa = PBXGroup;
			children = (
				A171262429DA1AB000620487 /* RootView.swift */,
				A171262529DA1AB000620487 /* RootViewModel.swift */,
			);
			path = RootView;
			sourceTree = "<group>";
		};
		A1AAE48129D77E9400ED9E80 = {
			isa = PBXGroup;
			children = (
				A1AAE48C29D77E9500ED9E80 /* Metamorphosis */,
				A1AAE48B29D77E9500ED9E80 /* Products */,
				89F2F52A6F744B656515D1D8 /* Pods */,
				6806832743A1F068A7F74155 /* Frameworks */,
			);
			sourceTree = "<group>";
		};
		A1AAE48B29D77E9500ED9E80 /* Products */ = {
			isa = PBXGroup;
			children = (
				A1AAE48A29D77E9500ED9E80 /* Metamorphosis.app */,
			);
			name = Products;
			sourceTree = "<group>";
		};
		A1AAE48C29D77E9500ED9E80 /* Metamorphosis */ = {
			isa = PBXGroup;
			children = (
				A1B4469429D8A642000D7E26 /* App */,
				A1B4469529D8A64C000D7E26 /* Flow */,
				A1B4468E29D8A61B000D7E26 /* Resources */,
				A1B4468F29D8A63A000D7E26 /* scripts */,
			);
			path = Metamorphosis;
			sourceTree = "<group>";
		};
		A1AAE49329D77E9700ED9E80 /* Preview Content */ = {
			isa = PBXGroup;
			children = (
				A1AAE49429D77E9700ED9E80 /* Preview Assets.xcassets */,
			);
			path = "Preview Content";
			sourceTree = "<group>";
		};
		A1B4468E29D8A61B000D7E26 /* Resources */ = {
			isa = PBXGroup;
			children = (
				A1B446A629D8A7FA000D7E26 /* InfoPlists */,
				A1B4469A29D8A6B7000D7E26 /* Localization */,
				A1B4469829D8A69E000D7E26 /* SwiftGen */,
				A1B4469929D8A6A7000D7E26 /* XCAssets */,
			);
			path = Resources;
			sourceTree = "<group>";
		};
		A1B4468F29D8A63A000D7E26 /* scripts */ = {
			isa = PBXGroup;
			children = (
				A1B4469029D8A63A000D7E26 /* run-swiftgen.sh */,
				A1B4469129D8A63A000D7E26 /* run-swiftlint.sh */,
			);
			path = scripts;
			sourceTree = SOURCE_ROOT;
		};
		A1B4469429D8A642000D7E26 /* App */ = {
			isa = PBXGroup;
			children = (
				A1C29E7229DB49CC00D0069B /* AppState.swift */,
				A1AAE48D29D77E9500ED9E80 /* MetamorphosisApp.swift */,
			);
			path = App;
			sourceTree = "<group>";
		};
		A1B4469529D8A64C000D7E26 /* Flow */ = {
			isa = PBXGroup;
			children = (
				A1C29E7429DB4BB000D0069B /* Common */,
				A171262329DA1A9B00620487 /* RootView */,
			);
			path = Flow;
			sourceTree = "<group>";
		};
		A1B4469829D8A69E000D7E26 /* SwiftGen */ = {
			isa = PBXGroup;
			children = (
				A1B446A729D8A8B8000D7E26 /* Assets.swift */,
				A1B446A229D8A730000D7E26 /* Stencils */,
				A1B446A829D8A8B8000D7E26 /* Strings.swift */,
			);
			path = SwiftGen;
			sourceTree = "<group>";
		};
		A1B4469929D8A6A7000D7E26 /* XCAssets */ = {
			isa = PBXGroup;
			children = (
				A1AAE49129D77E9700ED9E80 /* Assets.xcassets */,
				A1B446A029D8A6DA000D7E26 /* Colors.xcassets */,
				A1AAE49329D77E9700ED9E80 /* Preview Content */,
			);
			path = XCAssets;
			sourceTree = "<group>";
		};
		A1B4469A29D8A6B7000D7E26 /* Localization */ = {
			isa = PBXGroup;
			children = (
				A1B4469F29D8A6C6000D7E26 /* Localizable.strings */,
			);
			path = Localization;
			sourceTree = "<group>";
		};
		A1B446A229D8A730000D7E26 /* Stencils */ = {
			isa = PBXGroup;
			children = (
				A1B446A329D8A730000D7E26 /* xcassets-swiftui.stencil */,
			);
			path = Stencils;
			sourceTree = "<group>";
		};
		A1B446A629D8A7FA000D7E26 /* InfoPlists */ = {
			isa = PBXGroup;
			children = (
				A1B446A529D8A7DB000D7E26 /* Info.plist */,
			);
			path = InfoPlists;
			sourceTree = "<group>";
		};
		A1C29E7429DB4BB000D0069B /* Common */ = {
			isa = PBXGroup;
			children = (
				A1353C0929DCE71100A56D55 /* Extensions */,
				A1C29E7529DB4BC900D0069B /* NavigationType.swift */,
				A1451B1A29DC1A4A0076DBCC /* Unit.swift */,
			);
			path = Common;
			sourceTree = "<group>";
		};
/* End PBXGroup section */

/* Begin PBXNativeTarget section */
		A1AAE48929D77E9500ED9E80 /* Metamorphosis */ = {
			isa = PBXNativeTarget;
			buildConfigurationList = A1AAE49829D77E9700ED9E80 /* Build configuration list for PBXNativeTarget "Metamorphosis" */;
			buildPhases = (
				3EDF7AAFF240654734FD3CF5 /* [CP] Check Pods Manifest.lock */,
				A1B4469629D8A66A000D7E26 /* SwiftGen */,
				A1B4469729D8A674000D7E26 /* SwiftLint */,
				A1AAE48629D77E9500ED9E80 /* Sources */,
				A1AAE48729D77E9500ED9E80 /* Frameworks */,
				A1AAE48829D77E9500ED9E80 /* Resources */,
				CDB343195B60948F733E14A5 /* [CP] Embed Pods Frameworks */,
			);
			buildRules = (
			);
			dependencies = (
			);
			name = Metamorphosis;
			productName = Metamorphosis;
			productReference = A1AAE48A29D77E9500ED9E80 /* Metamorphosis.app */;
			productType = "com.apple.product-type.application";
		};
/* End PBXNativeTarget section */

/* Begin PBXProject section */
		A1AAE48229D77E9400ED9E80 /* Project object */ = {
			isa = PBXProject;
			attributes = {
				BuildIndependentTargetsInParallel = 1;
				LastSwiftUpdateCheck = 1420;
				LastUpgradeCheck = 1420;
				TargetAttributes = {
					A1AAE48929D77E9500ED9E80 = {
						CreatedOnToolsVersion = 14.2;
					};
				};
			};
			buildConfigurationList = A1AAE48529D77E9400ED9E80 /* Build configuration list for PBXProject "Metamorphosis" */;
			compatibilityVersion = "Xcode 14.0";
			developmentRegion = en;
			hasScannedForEncodings = 0;
			knownRegions = (
				en,
				Base,
			);
			mainGroup = A1AAE48129D77E9400ED9E80;
			productRefGroup = A1AAE48B29D77E9500ED9E80 /* Products */;
			projectDirPath = "";
			projectRoot = "";
			targets = (
				A1AAE48929D77E9500ED9E80 /* Metamorphosis */,
			);
		};
/* End PBXProject section */

/* Begin PBXResourcesBuildPhase section */
		A1AAE48829D77E9500ED9E80 /* Resources */ = {
			isa = PBXResourcesBuildPhase;
			buildActionMask = 2147483647;
			files = (
				A1B4469D29D8A6C6000D7E26 /* Localizable.strings in Resources */,
				A1AAE49529D77E9700ED9E80 /* Preview Assets.xcassets in Resources */,
				A1B4469229D8A63A000D7E26 /* run-swiftgen.sh in Resources */,
				A1B446A129D8A6DA000D7E26 /* Colors.xcassets in Resources */,
				A1AAE49229D77E9700ED9E80 /* Assets.xcassets in Resources */,
				A1B4469329D8A63A000D7E26 /* run-swiftlint.sh in Resources */,
				A1B446A429D8A730000D7E26 /* xcassets-swiftui.stencil in Resources */,
			);
			runOnlyForDeploymentPostprocessing = 0;
		};
/* End PBXResourcesBuildPhase section */

/* Begin PBXShellScriptBuildPhase section */
		3EDF7AAFF240654734FD3CF5 /* [CP] Check Pods Manifest.lock */ = {
			isa = PBXShellScriptBuildPhase;
			buildActionMask = 2147483647;
			files = (
			);
			inputFileListPaths = (
			);
			inputPaths = (
				"${PODS_PODFILE_DIR_PATH}/Podfile.lock",
				"${PODS_ROOT}/Manifest.lock",
			);
			name = "[CP] Check Pods Manifest.lock";
			outputFileListPaths = (
			);
			outputPaths = (
				"$(DERIVED_FILE_DIR)/Pods-Metamorphosis-checkManifestLockResult.txt",
			);
			runOnlyForDeploymentPostprocessing = 0;
			shellPath = /bin/sh;
			shellScript = "diff \"${PODS_PODFILE_DIR_PATH}/Podfile.lock\" \"${PODS_ROOT}/Manifest.lock\" > /dev/null\nif [ $? != 0 ] ; then\n    # print error to STDERR\n    echo \"error: The sandbox is not in sync with the Podfile.lock. Run 'pod install' or update your CocoaPods installation.\" >&2\n    exit 1\nfi\n# This output is used by Xcode 'outputs' to avoid re-running this script phase.\necho \"SUCCESS\" > \"${SCRIPT_OUTPUT_FILE_0}\"\n";
			showEnvVarsInLog = 0;
		};
		A1B4469629D8A66A000D7E26 /* SwiftGen */ = {
			isa = PBXShellScriptBuildPhase;
			alwaysOutOfDate = 1;
			buildActionMask = 2147483647;
			files = (
			);
			inputFileListPaths = (
			);
			inputPaths = (
			);
			name = SwiftGen;
			outputFileListPaths = (
			);
			outputPaths = (
			);
			runOnlyForDeploymentPostprocessing = 0;
			shellPath = /bin/sh;
			shellScript = "$SRCROOT/scripts/run-swiftgen.sh\n";
		};
		A1B4469729D8A674000D7E26 /* SwiftLint */ = {
			isa = PBXShellScriptBuildPhase;
			alwaysOutOfDate = 1;
			buildActionMask = 2147483647;
			files = (
			);
			inputFileListPaths = (
			);
			inputPaths = (
			);
			name = SwiftLint;
			outputFileListPaths = (
			);
			outputPaths = (
			);
			runOnlyForDeploymentPostprocessing = 0;
			shellPath = /bin/sh;
			shellScript = "$SRCROOT/scripts/run-swiftlint.sh\n";
		};
		CDB343195B60948F733E14A5 /* [CP] Embed Pods Frameworks */ = {
			isa = PBXShellScriptBuildPhase;
			buildActionMask = 2147483647;
			files = (
			);
			inputFileListPaths = (
				"${PODS_ROOT}/Target Support Files/Pods-Metamorphosis/Pods-Metamorphosis-frameworks-${CONFIGURATION}-input-files.xcfilelist",
			);
			name = "[CP] Embed Pods Frameworks";
			outputFileListPaths = (
				"${PODS_ROOT}/Target Support Files/Pods-Metamorphosis/Pods-Metamorphosis-frameworks-${CONFIGURATION}-output-files.xcfilelist",
			);
			runOnlyForDeploymentPostprocessing = 0;
			shellPath = /bin/sh;
			shellScript = "\"${PODS_ROOT}/Target Support Files/Pods-Metamorphosis/Pods-Metamorphosis-frameworks.sh\"\n";
			showEnvVarsInLog = 0;
		};
/* End PBXShellScriptBuildPhase section */

/* Begin PBXSourcesBuildPhase section */
		A1AAE48629D77E9500ED9E80 /* Sources */ = {
			isa = PBXSourcesBuildPhase;
			buildActionMask = 2147483647;
			files = (
				A1AAE48E29D77E9500ED9E80 /* MetamorphosisApp.swift in Sources */,
				A1B446AA29D8A8B8000D7E26 /* Strings.swift in Sources */,
				A1C7200B29DB50B9003BDBA2 /* AppState.swift in Sources */,
				A1B446A929D8A8B8000D7E26 /* Assets.swift in Sources */,
				A1353C0B29DCE72900A56D55 /* View+NavigationBarColor.swift in Sources */,
				A1C29E7629DB4BC900D0069B /* NavigationType.swift in Sources */,
				A1451B1B29DC1A4A0076DBCC /* Unit.swift in Sources */,
				A171262729DA1AB000620487 /* RootViewModel.swift in Sources */,
				A171262629DA1AB000620487 /* RootView.swift in Sources */,
			);
			runOnlyForDeploymentPostprocessing = 0;
		};
/* End PBXSourcesBuildPhase section */

/* Begin PBXVariantGroup section */
		A1B4469F29D8A6C6000D7E26 /* Localizable.strings */ = {
			isa = PBXVariantGroup;
			children = (
				A1B4469E29D8A6C6000D7E26 /* en */,
			);
			name = Localizable.strings;
			sourceTree = "<group>";
		};
/* End PBXVariantGroup section */

/* Begin XCBuildConfiguration section */
		A1AAE49629D77E9700ED9E80 /* Debug */ = {
			isa = XCBuildConfiguration;
			buildSettings = {
				ALWAYS_SEARCH_USER_PATHS = NO;
				CLANG_ANALYZER_NONNULL = YES;
				CLANG_ANALYZER_NUMBER_OBJECT_CONVERSION = YES_AGGRESSIVE;
				CLANG_CXX_LANGUAGE_STANDARD = "gnu++20";
				CLANG_ENABLE_MODULES = YES;
				CLANG_ENABLE_OBJC_ARC = YES;
				CLANG_ENABLE_OBJC_WEAK = YES;
				CLANG_WARN_BLOCK_CAPTURE_AUTORELEASING = YES;
				CLANG_WARN_BOOL_CONVERSION = YES;
				CLANG_WARN_COMMA = YES;
				CLANG_WARN_CONSTANT_CONVERSION = YES;
				CLANG_WARN_DEPRECATED_OBJC_IMPLEMENTATIONS = YES;
				CLANG_WARN_DIRECT_OBJC_ISA_USAGE = YES_ERROR;
				CLANG_WARN_DOCUMENTATION_COMMENTS = YES;
				CLANG_WARN_EMPTY_BODY = YES;
				CLANG_WARN_ENUM_CONVERSION = YES;
				CLANG_WARN_INFINITE_RECURSION = YES;
				CLANG_WARN_INT_CONVERSION = YES;
				CLANG_WARN_NON_LITERAL_NULL_CONVERSION = YES;
				CLANG_WARN_OBJC_IMPLICIT_RETAIN_SELF = YES;
				CLANG_WARN_OBJC_LITERAL_CONVERSION = YES;
				CLANG_WARN_OBJC_ROOT_CLASS = YES_ERROR;
				CLANG_WARN_QUOTED_INCLUDE_IN_FRAMEWORK_HEADER = YES;
				CLANG_WARN_RANGE_LOOP_ANALYSIS = YES;
				CLANG_WARN_STRICT_PROTOTYPES = YES;
				CLANG_WARN_SUSPICIOUS_MOVE = YES;
				CLANG_WARN_UNGUARDED_AVAILABILITY = YES_AGGRESSIVE;
				CLANG_WARN_UNREACHABLE_CODE = YES;
				CLANG_WARN__DUPLICATE_METHOD_MATCH = YES;
				COPY_PHASE_STRIP = NO;
				DEBUG_INFORMATION_FORMAT = dwarf;
				ENABLE_STRICT_OBJC_MSGSEND = YES;
				ENABLE_TESTABILITY = YES;
				GCC_C_LANGUAGE_STANDARD = gnu11;
				GCC_DYNAMIC_NO_PIC = NO;
				GCC_NO_COMMON_BLOCKS = YES;
				GCC_OPTIMIZATION_LEVEL = 0;
				GCC_PREPROCESSOR_DEFINITIONS = (
					"DEBUG=1",
					"$(inherited)",
				);
				GCC_WARN_64_TO_32_BIT_CONVERSION = YES;
				GCC_WARN_ABOUT_RETURN_TYPE = YES_ERROR;
				GCC_WARN_UNDECLARED_SELECTOR = YES;
				GCC_WARN_UNINITIALIZED_AUTOS = YES_AGGRESSIVE;
				GCC_WARN_UNUSED_FUNCTION = YES;
				GCC_WARN_UNUSED_VARIABLE = YES;
				IPHONEOS_DEPLOYMENT_TARGET = 16.2;
				MTL_ENABLE_DEBUG_INFO = INCLUDE_SOURCE;
				MTL_FAST_MATH = YES;
				ONLY_ACTIVE_ARCH = YES;
				SDKROOT = iphoneos;
				SWIFT_ACTIVE_COMPILATION_CONDITIONS = DEBUG;
				SWIFT_OPTIMIZATION_LEVEL = "-Onone";
			};
			name = Debug;
		};
		A1AAE49729D77E9700ED9E80 /* Release */ = {
			isa = XCBuildConfiguration;
			buildSettings = {
				ALWAYS_SEARCH_USER_PATHS = NO;
				CLANG_ANALYZER_NONNULL = YES;
				CLANG_ANALYZER_NUMBER_OBJECT_CONVERSION = YES_AGGRESSIVE;
				CLANG_CXX_LANGUAGE_STANDARD = "gnu++20";
				CLANG_ENABLE_MODULES = YES;
				CLANG_ENABLE_OBJC_ARC = YES;
				CLANG_ENABLE_OBJC_WEAK = YES;
				CLANG_WARN_BLOCK_CAPTURE_AUTORELEASING = YES;
				CLANG_WARN_BOOL_CONVERSION = YES;
				CLANG_WARN_COMMA = YES;
				CLANG_WARN_CONSTANT_CONVERSION = YES;
				CLANG_WARN_DEPRECATED_OBJC_IMPLEMENTATIONS = YES;
				CLANG_WARN_DIRECT_OBJC_ISA_USAGE = YES_ERROR;
				CLANG_WARN_DOCUMENTATION_COMMENTS = YES;
				CLANG_WARN_EMPTY_BODY = YES;
				CLANG_WARN_ENUM_CONVERSION = YES;
				CLANG_WARN_INFINITE_RECURSION = YES;
				CLANG_WARN_INT_CONVERSION = YES;
				CLANG_WARN_NON_LITERAL_NULL_CONVERSION = YES;
				CLANG_WARN_OBJC_IMPLICIT_RETAIN_SELF = YES;
				CLANG_WARN_OBJC_LITERAL_CONVERSION = YES;
				CLANG_WARN_OBJC_ROOT_CLASS = YES_ERROR;
				CLANG_WARN_QUOTED_INCLUDE_IN_FRAMEWORK_HEADER = YES;
				CLANG_WARN_RANGE_LOOP_ANALYSIS = YES;
				CLANG_WARN_STRICT_PROTOTYPES = YES;
				CLANG_WARN_SUSPICIOUS_MOVE = YES;
				CLANG_WARN_UNGUARDED_AVAILABILITY = YES_AGGRESSIVE;
				CLANG_WARN_UNREACHABLE_CODE = YES;
				CLANG_WARN__DUPLICATE_METHOD_MATCH = YES;
				COPY_PHASE_STRIP = NO;
				DEBUG_INFORMATION_FORMAT = "dwarf-with-dsym";
				ENABLE_NS_ASSERTIONS = NO;
				ENABLE_STRICT_OBJC_MSGSEND = YES;
				GCC_C_LANGUAGE_STANDARD = gnu11;
				GCC_NO_COMMON_BLOCKS = YES;
				GCC_WARN_64_TO_32_BIT_CONVERSION = YES;
				GCC_WARN_ABOUT_RETURN_TYPE = YES_ERROR;
				GCC_WARN_UNDECLARED_SELECTOR = YES;
				GCC_WARN_UNINITIALIZED_AUTOS = YES_AGGRESSIVE;
				GCC_WARN_UNUSED_FUNCTION = YES;
				GCC_WARN_UNUSED_VARIABLE = YES;
				IPHONEOS_DEPLOYMENT_TARGET = 16.2;
				MTL_ENABLE_DEBUG_INFO = NO;
				MTL_FAST_MATH = YES;
				SDKROOT = iphoneos;
				SWIFT_COMPILATION_MODE = wholemodule;
				SWIFT_OPTIMIZATION_LEVEL = "-O";
				VALIDATE_PRODUCT = YES;
			};
			name = Release;
		};
		A1AAE49929D77E9700ED9E80 /* Debug */ = {
			isa = XCBuildConfiguration;
			baseConfigurationReference = 908A153B79F3EECAB77F2B08 /* Pods-Metamorphosis.debug.xcconfig */;
			buildSettings = {
				ASSETCATALOG_COMPILER_APPICON_NAME = AppIcon;
				ASSETCATALOG_COMPILER_GLOBAL_ACCENT_COLOR_NAME = AccentColor;
				CODE_SIGN_STYLE = Automatic;
				CURRENT_PROJECT_VERSION = 1;
				DEVELOPMENT_ASSET_PATHS = "\"Metamorphosis/Resources/XCAssets/Preview Content\"";
				DEVELOPMENT_TEAM = 4X4Z9SSNGG;
				ENABLE_PREVIEWS = YES;
				GENERATE_INFOPLIST_FILE = YES;
				INFOPLIST_FILE = Metamorphosis/Resources/InfoPlists/Info.plist;
				INFOPLIST_KEY_UIApplicationSupportsIndirectInputEvents = YES;
				INFOPLIST_KEY_UILaunchScreen_Generation = YES;
				INFOPLIST_KEY_UISupportedInterfaceOrientations_iPad = "UIInterfaceOrientationPortrait UIInterfaceOrientationPortraitUpsideDown UIInterfaceOrientationLandscapeLeft UIInterfaceOrientationLandscapeRight";
				INFOPLIST_KEY_UISupportedInterfaceOrientations_iPhone = "UIInterfaceOrientationPortrait UIInterfaceOrientationLandscapeLeft UIInterfaceOrientationLandscapeRight";
				LD_RUNPATH_SEARCH_PATHS = (
					"$(inherited)",
					"@executable_path/Frameworks",
				);
				MARKETING_VERSION = 1.0;
				PRODUCT_BUNDLE_IDENTIFIER = com.vdshko.projects.Metamorphosis;
				PRODUCT_NAME = "$(TARGET_NAME)";
				SWIFT_EMIT_LOC_STRINGS = YES;
				SWIFT_VERSION = 5.0;
				TARGETED_DEVICE_FAMILY = "1,2";
			};
			name = Debug;
		};
		A1AAE49A29D77E9700ED9E80 /* Release */ = {
			isa = XCBuildConfiguration;
			baseConfigurationReference = 12DBB8981BFCC3E5986FB7CE /* Pods-Metamorphosis.release.xcconfig */;
			buildSettings = {
				ASSETCATALOG_COMPILER_APPICON_NAME = AppIcon;
				ASSETCATALOG_COMPILER_GLOBAL_ACCENT_COLOR_NAME = AccentColor;
				CODE_SIGN_STYLE = Automatic;
				CURRENT_PROJECT_VERSION = 1;
				DEVELOPMENT_ASSET_PATHS = "\"Metamorphosis/Resources/XCAssets/Preview Content\"";
				DEVELOPMENT_TEAM = 4X4Z9SSNGG;
				ENABLE_PREVIEWS = YES;
				GENERATE_INFOPLIST_FILE = YES;
				INFOPLIST_FILE = Metamorphosis/Resources/InfoPlists/Info.plist;
				INFOPLIST_KEY_UIApplicationSupportsIndirectInputEvents = YES;
				INFOPLIST_KEY_UILaunchScreen_Generation = YES;
				INFOPLIST_KEY_UISupportedInterfaceOrientations_iPad = "UIInterfaceOrientationPortrait UIInterfaceOrientationPortraitUpsideDown UIInterfaceOrientationLandscapeLeft UIInterfaceOrientationLandscapeRight";
				INFOPLIST_KEY_UISupportedInterfaceOrientations_iPhone = "UIInterfaceOrientationPortrait UIInterfaceOrientationLandscapeLeft UIInterfaceOrientationLandscapeRight";
				LD_RUNPATH_SEARCH_PATHS = (
					"$(inherited)",
					"@executable_path/Frameworks",
				);
				MARKETING_VERSION = 1.0;
				PRODUCT_BUNDLE_IDENTIFIER = com.vdshko.projects.Metamorphosis;
				PRODUCT_NAME = "$(TARGET_NAME)";
				SWIFT_EMIT_LOC_STRINGS = YES;
				SWIFT_VERSION = 5.0;
				TARGETED_DEVICE_FAMILY = "1,2";
			};
			name = Release;
		};
/* End XCBuildConfiguration section */

/* Begin XCConfigurationList section */
		A1AAE48529D77E9400ED9E80 /* Build configuration list for PBXProject "Metamorphosis" */ = {
			isa = XCConfigurationList;
			buildConfigurations = (
				A1AAE49629D77E9700ED9E80 /* Debug */,
				A1AAE49729D77E9700ED9E80 /* Release */,
			);
			defaultConfigurationIsVisible = 0;
			defaultConfigurationName = Release;
		};
		A1AAE49829D77E9700ED9E80 /* Build configuration list for PBXNativeTarget "Metamorphosis" */ = {
			isa = XCConfigurationList;
			buildConfigurations = (
				A1AAE49929D77E9700ED9E80 /* Debug */,
				A1AAE49A29D77E9700ED9E80 /* Release */,
			);
			defaultConfigurationIsVisible = 0;
			defaultConfigurationName = Release;
		};
/* End XCConfigurationList section */
	};
	rootObject = A1AAE48229D77E9400ED9E80 /* Project object */;
}
